
Microsoft Visual Studio Solution File, Format Version 12.00
# Visual Studio 15
Project("{FAE04EC0-301F-11D3-BF4B-00C04F79EFBC}") = "GAME2030_M2_Kumar_Jatin_QBert", "GAME2030_M2_Kumar_Jatin_QBert.csproj", "{03FD4341-F704-89DB-43B6-9080B65CFD50}"
EndProject
Global
	GlobalSection(SolutionConfigurationPlatforms) = preSolution
		Debug|Any CPU = Debug|Any CPU
		Release|Any CPU = Release|Any CPU
	EndGlobalSection
	GlobalSection(ProjectConfigurationPlatforms) = postSolution
		{03FD4341-F704-89DB-43B6-9080B65CFD50}.Debug|Any CPU.ActiveCfg = Debug|Any CPU
		{03FD4341-F704-89DB-43B6-9080B65CFD50}.Debug|Any CPU.Build.0 = Debug|Any CPU
		{03FD4341-F704-89DB-43B6-9080B65CFD50}.Release|Any CPU.ActiveCfg = Release|Any CPU
		{03FD4341-F704-89DB-43B6-9080B65CFD50}.Release|Any CPU.Build.0 = Release|Any CPU
	EndGlobalSection
	GlobalSection(SolutionProperties) = preSolution
		HideSolutionNode = FALSE
	EndGlobalSection
EndGlobal
